
Microsoft Visual Studio Solution File, Format Version 12.00
# Visual Studio Version 17
VisualStudioVersion = 17.4.33213.308
MinimumVisualStudioVersion = 10.0.40219.1
Project("{FAE04EC0-301F-11D3-BF4B-00C04F79EFBC}") = "ExercicioEntrevista3", "ExercicioEntrevista3\ExercicioEntrevista3.csproj", "{EBED2E53-E6FB-430A-9D00-D9CE55A21290}"
EndProject
Global
	GlobalSection(SolutionConfigurationPlatforms) = preSolution
		Debug|Any CPU = Debug|Any CPU
		Release|Any CPU = Release|Any CPU
	EndGlobalSection
	GlobalSection(ProjectConfigurationPlatforms) = postSolution
		{EBED2E53-E6FB-430A-9D00-D9CE55A21290}.Debug|Any CPU.ActiveCfg = Debug|Any CPU
		{EBED2E53-E6FB-430A-9D00-D9CE55A21290}.Debug|Any CPU.Build.0 = Debug|Any CPU
		{EBED2E53-E6FB-430A-9D00-D9CE55A21290}.Release|Any CPU.ActiveCfg = Release|Any CPU
		{EBED2E53-E6FB-430A-9D00-D9CE55A21290}.Release|Any CPU.Build.0 = Release|Any CPU
	EndGlobalSection
	GlobalSection(SolutionProperties) = preSolution
		HideSolutionNode = FALSE
	EndGlobalSection
	GlobalSection(ExtensibilityGlobals) = postSolution
		SolutionGuid = {92AED201-EB60-46BB-AD2C-07DA57EAAE3B}
	EndGlobalSection
EndGlobal
